
Microsoft Visual Studio Solution File, Format Version 12.00
# Visual Studio Version 16
VisualStudioVersion = 16.0.31911.196
MinimumVisualStudioVersion = 10.0.40219.1
Project("{F2A71F9B-5D33-465A-A702-920D77279786}") = "FSharpToaster", "FSharpToaster.fsproj", "{3AE579D0-FEE2-40F8-B2B6-CEDC9E2233F8}"
EndProject
Project("{F2A71F9B-5D33-465A-A702-920D77279786}") = "ToastConsole", "..\ToastConsole\ToastConsole.fsproj", "{FD1A3D94-08EC-4085-B0B3-19501B1D092A}"
EndProject
Global
	GlobalSection(SolutionConfigurationPlatforms) = preSolution
		Debug|Any CPU = Debug|Any CPU
		Release|Any CPU = Release|Any CPU
	EndGlobalSection
	GlobalSection(ProjectConfigurationPlatforms) = postSolution
		{3AE579D0-FEE2-40F8-B2B6-CEDC9E2233F8}.Debug|Any CPU.ActiveCfg = Debug|Any CPU
		{3AE579D0-FEE2-40F8-B2B6-CEDC9E2233F8}.Debug|Any CPU.Build.0 = Debug|Any CPU
		{3AE579D0-FEE2-40F8-B2B6-CEDC9E2233F8}.Release|Any CPU.ActiveCfg = Release|Any CPU
		{3AE579D0-FEE2-40F8-B2B6-CEDC9E2233F8}.Release|Any CPU.Build.0 = Release|Any CPU
		{FD1A3D94-08EC-4085-B0B3-19501B1D092A}.Debug|Any CPU.ActiveCfg = Debug|Any CPU
		{FD1A3D94-08EC-4085-B0B3-19501B1D092A}.Debug|Any CPU.Build.0 = Debug|Any CPU
		{FD1A3D94-08EC-4085-B0B3-19501B1D092A}.Release|Any CPU.ActiveCfg = Release|Any CPU
		{FD1A3D94-08EC-4085-B0B3-19501B1D092A}.Release|Any CPU.Build.0 = Release|Any CPU
	EndGlobalSection
	GlobalSection(SolutionProperties) = preSolution
		HideSolutionNode = FALSE
	EndGlobalSection
	GlobalSection(ExtensibilityGlobals) = postSolution
		SolutionGuid = {D3D70290-C28E-41ED-BF2E-8E31C24C73F1}
	EndGlobalSection
EndGlobal
